
Microsoft Visual Studio Solution File, Format Version 12.00
# Visual Studio Version 16
VisualStudioVersion = 16.0.29613.14
MinimumVisualStudioVersion = 10.0.40219.1
Project("{FAE04EC0-301F-11D3-BF4B-00C04F79EFBC}") = "App", "Apps\App.csproj", "{3A28FAA8-FC48-4F37-BAC4-18239B938B91}"
EndProject
Project("{FAE04EC0-301F-11D3-BF4B-00C04F79EFBC}") = "Accounts", "Accounts\Accounts.csproj", "{87E110CB-91B6-45D5-A2B8-7BC300D5839D}"
EndProject
Project("{FAE04EC0-301F-11D3-BF4B-00C04F79EFBC}") = "Data", "Data\Data.csproj", "{282D3F13-B59D-4526-A1C0-894AE91D0583}"
EndProject
Project("{FAE04EC0-301F-11D3-BF4B-00C04F79EFBC}") = "Legislacao", "Legislacao\Legislacao.csproj", "{5270A0E7-BE92-4CA4-B4AA-D7DA819D75B2}"
EndProject
Project("{FAE04EC0-301F-11D3-BF4B-00C04F79EFBC}") = "Pdf", "Pdf\Pdf.csproj", "{95449E47-49B0-4362-BA26-A6CB4FB836F6}"
EndProject
Project("{FAE04EC0-301F-11D3-BF4B-00C04F79EFBC}") = "Portarias", "Portarias\Portarias.csproj", "{E11025FA-63F2-4C20-8A98-B9B4609CA58E}"
EndProject
Project("{FAE04EC0-301F-11D3-BF4B-00C04F79EFBC}") = "Updater", "Updater\Updater.csproj", "{D6C990E3-EE5C-4D86-BD1D-07FAFBB18E12}"
EndProject
Project("{FAE04EC0-301F-11D3-BF4B-00C04F79EFBC}") = "Publisher", "Publisher\Publisher.csproj", "{B7ACA270-CB40-4411-9305-27C595BBCD39}"
EndProject
Project("{FAE04EC0-301F-11D3-BF4B-00C04F79EFBC}") = "MvvmHelpers", "MvvmHelpers\MvvmHelpers.csproj", "{3B8A6EFA-EFCA-471E-B6D9-DC97863101EC}"
EndProject
Project("{FAE04EC0-301F-11D3-BF4B-00C04F79EFBC}") = "Charts", "Charts\Charts.csproj", "{A792E12A-D6E9-41DD-ACC2-019EBCFA3411}"
EndProject
Project("{FAE04EC0-301F-11D3-BF4B-00C04F79EFBC}") = "Common", "Common\Common.csproj", "{4D3648E5-AC98-432B-A5A1-4515DD03E2D1}"
EndProject
Project("{FAE04EC0-301F-11D3-BF4B-00C04F79EFBC}") = "Monitoring", "Monitoring\Monitoring.csproj", "{3AEA5551-DEE5-49DC-A9C5-6DBC040C2BF1}"
EndProject
Project("{FAE04EC0-301F-11D3-BF4B-00C04F79EFBC}") = "ModernUI", "ModernUI\ModernUI.csproj", "{F3495BC1-F624-48DF-BE4D-02E868C5EBB3}"
EndProject
Project("{2150E333-8FDC-42A3-9474-1A3956D46DE8}") = "Modulos", "Modulos", "{9D76D57A-C7C4-4236-A6AF-6547166195E1}"
EndProject
Project("{2150E333-8FDC-42A3-9474-1A3956D46DE8}") = "Bibliotecas", "Bibliotecas", "{299E77BB-741B-4E57-BE72-18DBB124030B}"
EndProject
Project("{2150E333-8FDC-42A3-9474-1A3956D46DE8}") = "Binarios", "Binarios", "{2C9E5F06-6BB2-4624-A76E-4D106F5ACF2C}"
	ProjectSection(SolutionItems) = preProject
		Binaries\libmupdf.dll = Binaries\libmupdf.dll
		Binaries\Microsoft.Windows.Shell.dll = Binaries\Microsoft.Windows.Shell.dll
	EndProjectSection
EndProject
Project("{FAE04EC0-301F-11D3-BF4B-00C04F79EFBC}") = "DataBRF", "DataBRF\DataBRF.csproj", "{44D373B9-1C2E-45C9-A798-D96B75A40143}"
EndProject
Project("{FAE04EC0-301F-11D3-BF4B-00C04F79EFBC}") = "Governo", "Governo\Governo.csproj", "{8FAD5C06-ABF2-48B7-9BCC-BC0C4A32F447}"
EndProject
Project("{FAE04EC0-301F-11D3-BF4B-00C04F79EFBC}") = "Desenvolvimento", "Desenvolvimento\Desenvolvimento.csproj", "{01B9894D-B4E1-4CF4-B499-7D6411DE2061}"
EndProject
Project("{FAE04EC0-301F-11D3-BF4B-00C04F79EFBC}") = "Resources", "Resources\Resources.csproj", "{0FF1A563-6CC0-4291-BE16-7E0B7BC5971F}"
EndProject
Project("{FAE04EC0-301F-11D3-BF4B-00C04F79EFBC}") = "Empreendedor", "Empreendedor\Empreendedor.csproj", "{E143B584-BD20-49AB-8ECC-10D3BE2E3470}"
EndProject
Project("{FAE04EC0-301F-11D3-BF4B-00C04F79EFBC}") = "Denominacoes", "Denominacoes\Denominacoes.csproj", "{879E18DB-8F10-493D-A98E-5E9F82D125EB}"
EndProject
Project("{FAE04EC0-301F-11D3-BF4B-00C04F79EFBC}") = "ComercioAmbulante", "ComercioAmbulante\ComercioAmbulante.csproj", "{D3BD88AD-A700-4D78-AFE7-D7B3D4A986CE}"
EndProject
Project("{FAE04EC0-301F-11D3-BF4B-00C04F79EFBC}") = "Administracao", "Administracao\Administracao.csproj", "{24C9C95F-13C5-4358-8486-3F97548C9AAE}"
EndProject
Global
	GlobalSection(SolutionConfigurationPlatforms) = preSolution
		Debug|Any CPU = Debug|Any CPU
		Debug|Mixed Platforms = Debug|Mixed Platforms
		Debug|x64 = Debug|x64
		Debug|x86 = Debug|x86
		Release|Any CPU = Release|Any CPU
		Release|Mixed Platforms = Release|Mixed Platforms
		Release|x64 = Release|x64
		Release|x86 = Release|x86
	EndGlobalSection
	GlobalSection(ProjectConfigurationPlatforms) = postSolution
		{3A28FAA8-FC48-4F37-BAC4-18239B938B91}.Debug|Any CPU.ActiveCfg = Debug|x86
		{3A28FAA8-FC48-4F37-BAC4-18239B938B91}.Debug|Mixed Platforms.ActiveCfg = Debug|x86
		{3A28FAA8-FC48-4F37-BAC4-18239B938B91}.Debug|Mixed Platforms.Build.0 = Debug|x86
		{3A28FAA8-FC48-4F37-BAC4-18239B938B91}.Debug|x64.ActiveCfg = Debug|x64
		{3A28FAA8-FC48-4F37-BAC4-18239B938B91}.Debug|x64.Build.0 = Debug|x64
		{3A28FAA8-FC48-4F37-BAC4-18239B938B91}.Debug|x86.ActiveCfg = Debug|x86
		{3A28FAA8-FC48-4F37-BAC4-18239B938B91}.Debug|x86.Build.0 = Debug|x86
		{3A28FAA8-FC48-4F37-BAC4-18239B938B91}.Release|Any CPU.ActiveCfg = Release|Any CPU
		{3A28FAA8-FC48-4F37-BAC4-18239B938B91}.Release|Any CPU.Build.0 = Release|Any CPU
		{3A28FAA8-FC48-4F37-BAC4-18239B938B91}.Release|Mixed Platforms.ActiveCfg = Release|Any CPU
		{3A28FAA8-FC48-4F37-BAC4-18239B938B91}.Release|Mixed Platforms.Build.0 = Release|Any CPU
		{3A28FAA8-FC48-4F37-BAC4-18239B938B91}.Release|x64.ActiveCfg = Release|x64
		{3A28FAA8-FC48-4F37-BAC4-18239B938B91}.Release|x64.Build.0 = Release|x64
		{3A28FAA8-FC48-4F37-BAC4-18239B938B91}.Release|x86.ActiveCfg = Release|x86
		{3A28FAA8-FC48-4F37-BAC4-18239B938B91}.Release|x86.Build.0 = Release|x86
		{87E110CB-91B6-45D5-A2B8-7BC300D5839D}.Debug|Any CPU.ActiveCfg = Debug|Any CPU
		{87E110CB-91B6-45D5-A2B8-7BC300D5839D}.Debug|Any CPU.Build.0 = Debug|Any CPU
		{87E110CB-91B6-45D5-A2B8-7BC300D5839D}.Debug|Mixed Platforms.ActiveCfg = Debug|Any CPU
		{87E110CB-91B6-45D5-A2B8-7BC300D5839D}.Debug|Mixed Platforms.Build.0 = Debug|Any CPU
		{87E110CB-91B6-45D5-A2B8-7BC300D5839D}.Debug|x64.ActiveCfg = Debug|x64
		{87E110CB-91B6-45D5-A2B8-7BC300D5839D}.Debug|x64.Build.0 = Debug|x64
		{87E110CB-91B6-45D5-A2B8-7BC300D5839D}.Debug|x86.ActiveCfg = Debug|x86
		{87E110CB-91B6-45D5-A2B8-7BC300D5839D}.Debug|x86.Build.0 = Debug|x86
		{87E110CB-91B6-45D5-A2B8-7BC300D5839D}.Release|Any CPU.ActiveCfg = Release|Any CPU
		{87E110CB-91B6-45D5-A2B8-7BC300D5839D}.Release|Any CPU.Build.0 = Release|Any CPU
		{87E110CB-91B6-45D5-A2B8-7BC300D5839D}.Release|Any CPU.Deploy.0 = Release|Any CPU
		{87E110CB-91B6-45D5-A2B8-7BC300D5839D}.Release|Mixed Platforms.ActiveCfg = Release|Any CPU
		{87E110CB-91B6-45D5-A2B8-7BC300D5839D}.Release|Mixed Platforms.Build.0 = Release|Any CPU
		{87E110CB-91B6-45D5-A2B8-7BC300D5839D}.Release|x64.ActiveCfg = Release|x64
		{87E110CB-91B6-45D5-A2B8-7BC300D5839D}.Release|x64.Build.0 = Release|x64
		{87E110CB-91B6-45D5-A2B8-7BC300D5839D}.Release|x86.ActiveCfg = Release|x86
		{87E110CB-91B6-45D5-A2B8-7BC300D5839D}.Release|x86.Build.0 = Release|x86
		{282D3F13-B59D-4526-A1C0-894AE91D0583}.Debug|Any CPU.ActiveCfg = Debug|Any CPU
		{282D3F13-B59D-4526-A1C0-894AE91D0583}.Debug|Any CPU.Build.0 = Debug|Any CPU
		{282D3F13-B59D-4526-A1C0-894AE91D0583}.Debug|Mixed Platforms.ActiveCfg = Debug|Any CPU
		{282D3F13-B59D-4526-A1C0-894AE91D0583}.Debug|Mixed Platforms.Build.0 = Debug|Any CPU
		{282D3F13-B59D-4526-A1C0-894AE91D0583}.Debug|x64.ActiveCfg = Debug|x64
		{282D3F13-B59D-4526-A1C0-894AE91D0583}.Debug|x64.Build.0 = Debug|x64
		{282D3F13-B59D-4526-A1C0-894AE91D0583}.Debug|x86.ActiveCfg = Debug|x86
		{282D3F13-B59D-4526-A1C0-894AE91D0583}.Debug|x86.Build.0 = Debug|x86
		{282D3F13-B59D-4526-A1C0-894AE91D0583}.Release|Any CPU.ActiveCfg = Release|Any CPU
		{282D3F13-B59D-4526-A1C0-894AE91D0583}.Release|Any CPU.Build.0 = Release|Any CPU
		{282D3F13-B59D-4526-A1C0-894AE91D0583}.Release|Mixed Platforms.ActiveCfg = Release|x86
		{282D3F13-B59D-4526-A1C0-894AE91D0583}.Release|Mixed Platforms.Build.0 = Release|x86
		{282D3F13-B59D-4526-A1C0-894AE91D0583}.Release|x64.ActiveCfg = Release|x64
		{282D3F13-B59D-4526-A1C0-894AE91D0583}.Release|x64.Build.0 = Release|x64
		{282D3F13-B59D-4526-A1C0-894AE91D0583}.Release|x86.ActiveCfg = Release|x86
		{282D3F13-B59D-4526-A1C0-894AE91D0583}.Release|x86.Build.0 = Release|x86
		{5270A0E7-BE92-4CA4-B4AA-D7DA819D75B2}.Debug|Any CPU.ActiveCfg = Debug|Any CPU
		{5270A0E7-BE92-4CA4-B4AA-D7DA819D75B2}.Debug|Any CPU.Build.0 = Debug|Any CPU
		{5270A0E7-BE92-4CA4-B4AA-D7DA819D75B2}.Debug|Mixed Platforms.ActiveCfg = Debug|Any CPU
		{5270A0E7-BE92-4CA4-B4AA-D7DA819D75B2}.Debug|Mixed Platforms.Build.0 = Debug|Any CPU
		{5270A0E7-BE92-4CA4-B4AA-D7DA819D75B2}.Debug|x64.ActiveCfg = Debug|x64
		{5270A0E7-BE92-4CA4-B4AA-D7DA819D75B2}.Debug|x64.Build.0 = Debug|x64
		{5270A0E7-BE92-4CA4-B4AA-D7DA819D75B2}.Debug|x86.ActiveCfg = Debug|x86
		{5270A0E7-BE92-4CA4-B4AA-D7DA819D75B2}.Debug|x86.Build.0 = Debug|x86
		{5270A0E7-BE92-4CA4-B4AA-D7DA819D75B2}.Release|Any CPU.ActiveCfg = Release|Any CPU
		{5270A0E7-BE92-4CA4-B4AA-D7DA819D75B2}.Release|Any CPU.Build.0 = Release|Any CPU
		{5270A0E7-BE92-4CA4-B4AA-D7DA819D75B2}.Release|Mixed Platforms.ActiveCfg = Release|Any CPU
		{5270A0E7-BE92-4CA4-B4AA-D7DA819D75B2}.Release|Mixed Platforms.Build.0 = Release|Any CPU
		{5270A0E7-BE92-4CA4-B4AA-D7DA819D75B2}.Release|x64.ActiveCfg = Release|x64
		{5270A0E7-BE92-4CA4-B4AA-D7DA819D75B2}.Release|x64.Build.0 = Release|x64
		{5270A0E7-BE92-4CA4-B4AA-D7DA819D75B2}.Release|x86.ActiveCfg = Release|x86
		{5270A0E7-BE92-4CA4-B4AA-D7DA819D75B2}.Release|x86.Build.0 = Release|x86
		{95449E47-49B0-4362-BA26-A6CB4FB836F6}.Debug|Any CPU.ActiveCfg = Debug|Any CPU
		{95449E47-49B0-4362-BA26-A6CB4FB836F6}.Debug|Any CPU.Build.0 = Debug|Any CPU
		{95449E47-49B0-4362-BA26-A6CB4FB836F6}.Debug|Mixed Platforms.ActiveCfg = Debug|Any CPU
		{95449E47-49B0-4362-BA26-A6CB4FB836F6}.Debug|Mixed Platforms.Build.0 = Debug|Any CPU
		{95449E47-49B0-4362-BA26-A6CB4FB836F6}.Debug|x64.ActiveCfg = Debug|x64
		{95449E47-49B0-4362-BA26-A6CB4FB836F6}.Debug|x64.Build.0 = Debug|x64
		{95449E47-49B0-4362-BA26-A6CB4FB836F6}.Debug|x86.ActiveCfg = Debug|x86
		{95449E47-49B0-4362-BA26-A6CB4FB836F6}.Debug|x86.Build.0 = Debug|x86
		{95449E47-49B0-4362-BA26-A6CB4FB836F6}.Release|Any CPU.ActiveCfg = Release|Any CPU
		{95449E47-49B0-4362-BA26-A6CB4FB836F6}.Release|Any CPU.Build.0 = Release|Any CPU
		{95449E47-49B0-4362-BA26-A6CB4FB836F6}.Release|Mixed Platforms.ActiveCfg = Release|Any CPU
		{95449E47-49B0-4362-BA26-A6CB4FB836F6}.Release|Mixed Platforms.Build.0 = Release|Any CPU
		{95449E47-49B0-4362-BA26-A6CB4FB836F6}.Release|x64.ActiveCfg = Release|x64
		{95449E47-49B0-4362-BA26-A6CB4FB836F6}.Release|x64.Build.0 = Release|x64
		{95449E47-49B0-4362-BA26-A6CB4FB836F6}.Release|x86.ActiveCfg = Release|x86
		{95449E47-49B0-4362-BA26-A6CB4FB836F6}.Release|x86.Build.0 = Release|x86
		{E11025FA-63F2-4C20-8A98-B9B4609CA58E}.Debug|Any CPU.ActiveCfg = Debug|x86
		{E11025FA-63F2-4C20-8A98-B9B4609CA58E}.Debug|Mixed Platforms.ActiveCfg = Debug|x86
		{E11025FA-63F2-4C20-8A98-B9B4609CA58E}.Debug|Mixed Platforms.Build.0 = Debug|x86
		{E11025FA-63F2-4C20-8A98-B9B4609CA58E}.Debug|x64.ActiveCfg = Debug|x64
		{E11025FA-63F2-4C20-8A98-B9B4609CA58E}.Debug|x64.Build.0 = Debug|x64
		{E11025FA-63F2-4C20-8A98-B9B4609CA58E}.Debug|x86.ActiveCfg = Debug|x86
		{E11025FA-63F2-4C20-8A98-B9B4609CA58E}.Debug|x86.Build.0 = Debug|x86
		{E11025FA-63F2-4C20-8A98-B9B4609CA58E}.Release|Any CPU.ActiveCfg = Release|Any CPU
		{E11025FA-63F2-4C20-8A98-B9B4609CA58E}.Release|Any CPU.Build.0 = Release|Any CPU
		{E11025FA-63F2-4C20-8A98-B9B4609CA58E}.Release|Mixed Platforms.ActiveCfg = Release|Any CPU
		{E11025FA-63F2-4C20-8A98-B9B4609CA58E}.Release|Mixed Platforms.Build.0 = Release|Any CPU
		{E11025FA-63F2-4C20-8A98-B9B4609CA58E}.Release|x64.ActiveCfg = Release|x64
		{E11025FA-63F2-4C20-8A98-B9B4609CA58E}.Release|x64.Build.0 = Release|x64
		{E11025FA-63F2-4C20-8A98-B9B4609CA58E}.Release|x86.ActiveCfg = Release|x86
		{E11025FA-63F2-4C20-8A98-B9B4609CA58E}.Release|x86.Build.0 = Release|x86
		{D6C990E3-EE5C-4D86-BD1D-07FAFBB18E12}.Debug|Any CPU.ActiveCfg = Debug|x86
		{D6C990E3-EE5C-4D86-BD1D-07FAFBB18E12}.Debug|Mixed Platforms.ActiveCfg = Debug|x86
		{D6C990E3-EE5C-4D86-BD1D-07FAFBB18E12}.Debug|Mixed Platforms.Build.0 = Debug|x86
		{D6C990E3-EE5C-4D86-BD1D-07FAFBB18E12}.Debug|x64.ActiveCfg = Debug|x64
		{D6C990E3-EE5C-4D86-BD1D-07FAFBB18E12}.Debug|x64.Build.0 = Debug|x64
		{D6C990E3-EE5C-4D86-BD1D-07FAFBB18E12}.Debug|x86.ActiveCfg = Debug|x86
		{D6C990E3-EE5C-4D86-BD1D-07FAFBB18E12}.Debug|x86.Build.0 = Debug|x86
		{D6C990E3-EE5C-4D86-BD1D-07FAFBB18E12}.Release|Any CPU.ActiveCfg = Release|Any CPU
		{D6C990E3-EE5C-4D86-BD1D-07FAFBB18E12}.Release|Any CPU.Build.0 = Release|Any CPU
		{D6C990E3-EE5C-4D86-BD1D-07FAFBB18E12}.Release|Mixed Platforms.ActiveCfg = Release|Any CPU
		{D6C990E3-EE5C-4D86-BD1D-07FAFBB18E12}.Release|Mixed Platforms.Build.0 = Release|Any CPU
		{D6C990E3-EE5C-4D86-BD1D-07FAFBB18E12}.Release|x64.ActiveCfg = Release|x64
		{D6C990E3-EE5C-4D86-BD1D-07FAFBB18E12}.Release|x64.Build.0 = Release|x64
		{D6C990E3-EE5C-4D86-BD1D-07FAFBB18E12}.Release|x86.ActiveCfg = Release|x86
		{D6C990E3-EE5C-4D86-BD1D-07FAFBB18E12}.Release|x86.Build.0 = Release|x86
		{B7ACA270-CB40-4411-9305-27C595BBCD39}.Debug|Any CPU.ActiveCfg = Debug|x86
		{B7ACA270-CB40-4411-9305-27C595BBCD39}.Debug|Mixed Platforms.ActiveCfg = Debug|x86
		{B7ACA270-CB40-4411-9305-27C595BBCD39}.Debug|Mixed Platforms.Build.0 = Debug|x86
		{B7ACA270-CB40-4411-9305-27C595BBCD39}.Debug|x64.ActiveCfg = Debug|x64
		{B7ACA270-CB40-4411-9305-27C595BBCD39}.Debug|x64.Build.0 = Debug|x64
		{B7ACA270-CB40-4411-9305-27C595BBCD39}.Debug|x86.ActiveCfg = Debug|x86
		{B7ACA270-CB40-4411-9305-27C595BBCD39}.Debug|x86.Build.0 = Debug|x86
		{B7ACA270-CB40-4411-9305-27C595BBCD39}.Release|Any CPU.ActiveCfg = Release|Any CPU
		{B7ACA270-CB40-4411-9305-27C595BBCD39}.Release|Any CPU.Build.0 = Release|Any CPU
		{B7ACA270-CB40-4411-9305-27C595BBCD39}.Release|Mixed Platforms.ActiveCfg = Release|Any CPU
		{B7ACA270-CB40-4411-9305-27C595BBCD39}.Release|Mixed Platforms.Build.0 = Release|Any CPU
		{B7ACA270-CB40-4411-9305-27C595BBCD39}.Release|x64.ActiveCfg = Release|x64
		{B7ACA270-CB40-4411-9305-27C595BBCD39}.Release|x64.Build.0 = Release|x64
		{B7ACA270-CB40-4411-9305-27C595BBCD39}.Release|x86.ActiveCfg = Release|x86
		{B7ACA270-CB40-4411-9305-27C595BBCD39}.Release|x86.Build.0 = Release|x86
		{3B8A6EFA-EFCA-471E-B6D9-DC97863101EC}.Debug|Any CPU.ActiveCfg = Debug|Any CPU
		{3B8A6EFA-EFCA-471E-B6D9-DC97863101EC}.Debug|Any CPU.Build.0 = Debug|Any CPU
		{3B8A6EFA-EFCA-471E-B6D9-DC97863101EC}.Debug|Mixed Platforms.ActiveCfg = Debug|Any CPU
		{3B8A6EFA-EFCA-471E-B6D9-DC97863101EC}.Debug|Mixed Platforms.Build.0 = Debug|Any CPU
		{3B8A6EFA-EFCA-471E-B6D9-DC97863101EC}.Debug|x64.ActiveCfg = Debug|x64
		{3B8A6EFA-EFCA-471E-B6D9-DC97863101EC}.Debug|x64.Build.0 = Debug|x64
		{3B8A6EFA-EFCA-471E-B6D9-DC97863101EC}.Debug|x86.ActiveCfg = Debug|x86
		{3B8A6EFA-EFCA-471E-B6D9-DC97863101EC}.Debug|x86.Build.0 = Debug|x86
		{3B8A6EFA-EFCA-471E-B6D9-DC97863101EC}.Release|Any CPU.ActiveCfg = Release|Any CPU
		{3B8A6EFA-EFCA-471E-B6D9-DC97863101EC}.Release|Any CPU.Build.0 = Release|Any CPU
		{3B8A6EFA-EFCA-471E-B6D9-DC97863101EC}.Release|Mixed Platforms.ActiveCfg = Release|Any CPU
		{3B8A6EFA-EFCA-471E-B6D9-DC97863101EC}.Release|Mixed Platforms.Build.0 = Release|Any CPU
		{3B8A6EFA-EFCA-471E-B6D9-DC97863101EC}.Release|x64.ActiveCfg = Release|x64
		{3B8A6EFA-EFCA-471E-B6D9-DC97863101EC}.Release|x64.Build.0 = Release|x64
		{3B8A6EFA-EFCA-471E-B6D9-DC97863101EC}.Release|x86.ActiveCfg = Release|x86
		{3B8A6EFA-EFCA-471E-B6D9-DC97863101EC}.Release|x86.Build.0 = Release|x86
		{A792E12A-D6E9-41DD-ACC2-019EBCFA3411}.Debug|Any CPU.ActiveCfg = Debug|Any CPU
		{A792E12A-D6E9-41DD-ACC2-019EBCFA3411}.Debug|Any CPU.Build.0 = Debug|Any CPU
		{A792E12A-D6E9-41DD-ACC2-019EBCFA3411}.Debug|Mixed Platforms.ActiveCfg = Debug|Any CPU
		{A792E12A-D6E9-41DD-ACC2-019EBCFA3411}.Debug|Mixed Platforms.Build.0 = Debug|Any CPU
		{A792E12A-D6E9-41DD-ACC2-019EBCFA3411}.Debug|x64.ActiveCfg = Debug|x64
		{A792E12A-D6E9-41DD-ACC2-019EBCFA3411}.Debug|x64.Build.0 = Debug|x64
		{A792E12A-D6E9-41DD-ACC2-019EBCFA3411}.Debug|x86.ActiveCfg = Debug|x86
		{A792E12A-D6E9-41DD-ACC2-019EBCFA3411}.Debug|x86.Build.0 = Debug|x86
		{A792E12A-D6E9-41DD-ACC2-019EBCFA3411}.Release|Any CPU.ActiveCfg = Release|Any CPU
		{A792E12A-D6E9-41DD-ACC2-019EBCFA3411}.Release|Any CPU.Build.0 = Release|Any CPU
		{A792E12A-D6E9-41DD-ACC2-019EBCFA3411}.Release|Mixed Platforms.ActiveCfg = Release|Any CPU
		{A792E12A-D6E9-41DD-ACC2-019EBCFA3411}.Release|Mixed Platforms.Build.0 = Release|Any CPU
		{A792E12A-D6E9-41DD-ACC2-019EBCFA3411}.Release|x64.ActiveCfg = Release|x64
		{A792E12A-D6E9-41DD-ACC2-019EBCFA3411}.Release|x64.Build.0 = Release|x64
		{A792E12A-D6E9-41DD-ACC2-019EBCFA3411}.Release|x86.ActiveCfg = Release|x86
		{A792E12A-D6E9-41DD-ACC2-019EBCFA3411}.Release|x86.Build.0 = Release|x86
		{4D3648E5-AC98-432B-A5A1-4515DD03E2D1}.Debug|Any CPU.ActiveCfg = Debug|Any CPU
		{4D3648E5-AC98-432B-A5A1-4515DD03E2D1}.Debug|Any CPU.Build.0 = Debug|Any CPU
		{4D3648E5-AC98-432B-A5A1-4515DD03E2D1}.Debug|Mixed Platforms.ActiveCfg = Debug|Any CPU
		{4D3648E5-AC98-432B-A5A1-4515DD03E2D1}.Debug|Mixed Platforms.Build.0 = Debug|Any CPU
		{4D3648E5-AC98-432B-A5A1-4515DD03E2D1}.Debug|x64.ActiveCfg = Debug|x64
		{4D3648E5-AC98-432B-A5A1-4515DD03E2D1}.Debug|x64.Build.0 = Debug|x64
		{4D3648E5-AC98-432B-A5A1-4515DD03E2D1}.Debug|x86.ActiveCfg = Debug|x86
		{4D3648E5-AC98-432B-A5A1-4515DD03E2D1}.Debug|x86.Build.0 = Debug|x86
		{4D3648E5-AC98-432B-A5A1-4515DD03E2D1}.Release|Any CPU.ActiveCfg = Release|Any CPU
		{4D3648E5-AC98-432B-A5A1-4515DD03E2D1}.Release|Any CPU.Build.0 = Release|Any CPU
		{4D3648E5-AC98-432B-A5A1-4515DD03E2D1}.Release|Mixed Platforms.ActiveCfg = Release|Any CPU
		{4D3648E5-AC98-432B-A5A1-4515DD03E2D1}.Release|Mixed Platforms.Build.0 = Release|Any CPU
		{4D3648E5-AC98-432B-A5A1-4515DD03E2D1}.Release|x64.ActiveCfg = Release|x64
		{4D3648E5-AC98-432B-A5A1-4515DD03E2D1}.Release|x64.Build.0 = Release|x64
		{4D3648E5-AC98-432B-A5A1-4515DD03E2D1}.Release|x86.ActiveCfg = Release|x86
		{4D3648E5-AC98-432B-A5A1-4515DD03E2D1}.Release|x86.Build.0 = Release|x86
		{3AEA5551-DEE5-49DC-A9C5-6DBC040C2BF1}.Debug|Any CPU.ActiveCfg = Debug|x86
		{3AEA5551-DEE5-49DC-A9C5-6DBC040C2BF1}.Debug|Mixed Platforms.ActiveCfg = Debug|x86
		{3AEA5551-DEE5-49DC-A9C5-6DBC040C2BF1}.Debug|Mixed Platforms.Build.0 = Debug|x86
		{3AEA5551-DEE5-49DC-A9C5-6DBC040C2BF1}.Debug|x64.ActiveCfg = Debug|x64
		{3AEA5551-DEE5-49DC-A9C5-6DBC040C2BF1}.Debug|x64.Build.0 = Debug|x64
		{3AEA5551-DEE5-49DC-A9C5-6DBC040C2BF1}.Debug|x86.ActiveCfg = Debug|x86
		{3AEA5551-DEE5-49DC-A9C5-6DBC040C2BF1}.Debug|x86.Build.0 = Debug|x86
		{3AEA5551-DEE5-49DC-A9C5-6DBC040C2BF1}.Release|Any CPU.ActiveCfg = Release|Any CPU
		{3AEA5551-DEE5-49DC-A9C5-6DBC040C2BF1}.Release|Any CPU.Build.0 = Release|Any CPU
		{3AEA5551-DEE5-49DC-A9C5-6DBC040C2BF1}.Release|Mixed Platforms.ActiveCfg = Release|Any CPU
		{3AEA5551-DEE5-49DC-A9C5-6DBC040C2BF1}.Release|Mixed Platforms.Build.0 = Release|Any CPU
		{3AEA5551-DEE5-49DC-A9C5-6DBC040C2BF1}.Release|x64.ActiveCfg = Release|x64
		{3AEA5551-DEE5-49DC-A9C5-6DBC040C2BF1}.Release|x64.Build.0 = Release|x64
		{3AEA5551-DEE5-49DC-A9C5-6DBC040C2BF1}.Release|x86.ActiveCfg = Release|x86
		{3AEA5551-DEE5-49DC-A9C5-6DBC040C2BF1}.Release|x86.Build.0 = Release|x86
		{F3495BC1-F624-48DF-BE4D-02E868C5EBB3}.Debug|Any CPU.ActiveCfg = Debug|Any CPU
		{F3495BC1-F624-48DF-BE4D-02E868C5EBB3}.Debug|Any CPU.Build.0 = Debug|Any CPU
		{F3495BC1-F624-48DF-BE4D-02E868C5EBB3}.Debug|Mixed Platforms.ActiveCfg = Debug|Any CPU
		{F3495BC1-F624-48DF-BE4D-02E868C5EBB3}.Debug|Mixed Platforms.Build.0 = Debug|Any CPU
		{F3495BC1-F624-48DF-BE4D-02E868C5EBB3}.Debug|x64.ActiveCfg = Debug|x64
		{F3495BC1-F624-48DF-BE4D-02E868C5EBB3}.Debug|x64.Build.0 = Debug|x64
		{F3495BC1-F624-48DF-BE4D-02E868C5EBB3}.Debug|x86.ActiveCfg = Debug|x86
		{F3495BC1-F624-48DF-BE4D-02E868C5EBB3}.Debug|x86.Build.0 = Debug|x86
		{F3495BC1-F624-48DF-BE4D-02E868C5EBB3}.Release|Any CPU.ActiveCfg = Release|Any CPU
		{F3495BC1-F624-48DF-BE4D-02E868C5EBB3}.Release|Any CPU.Build.0 = Release|Any CPU
		{F3495BC1-F624-48DF-BE4D-02E868C5EBB3}.Release|Mixed Platforms.ActiveCfg = Release|Any CPU
		{F3495BC1-F624-48DF-BE4D-02E868C5EBB3}.Release|Mixed Platforms.Build.0 = Release|Any CPU
		{F3495BC1-F624-48DF-BE4D-02E868C5EBB3}.Release|x64.ActiveCfg = Release|x64
		{F3495BC1-F624-48DF-BE4D-02E868C5EBB3}.Release|x64.Build.0 = Release|x64
		{F3495BC1-F624-48DF-BE4D-02E868C5EBB3}.Release|x86.ActiveCfg = Release|x86
		{F3495BC1-F624-48DF-BE4D-02E868C5EBB3}.Release|x86.Build.0 = Release|x86
		{44D373B9-1C2E-45C9-A798-D96B75A40143}.Debug|Any CPU.ActiveCfg = Debug|Any CPU
		{44D373B9-1C2E-45C9-A798-D96B75A40143}.Debug|Any CPU.Build.0 = Debug|Any CPU
		{44D373B9-1C2E-45C9-A798-D96B75A40143}.Debug|Mixed Platforms.ActiveCfg = Debug|Any CPU
		{44D373B9-1C2E-45C9-A798-D96B75A40143}.Debug|Mixed Platforms.Build.0 = Debug|Any CPU
		{44D373B9-1C2E-45C9-A798-D96B75A40143}.Debug|x64.ActiveCfg = Debug|x64
		{44D373B9-1C2E-45C9-A798-D96B75A40143}.Debug|x64.Build.0 = Debug|x64
		{44D373B9-1C2E-45C9-A798-D96B75A40143}.Debug|x86.ActiveCfg = Debug|x86
		{44D373B9-1C2E-45C9-A798-D96B75A40143}.Debug|x86.Build.0 = Debug|x86
		{44D373B9-1C2E-45C9-A798-D96B75A40143}.Release|Any CPU.ActiveCfg = Release|Any CPU
		{44D373B9-1C2E-45C9-A798-D96B75A40143}.Release|Any CPU.Build.0 = Release|Any CPU
		{44D373B9-1C2E-45C9-A798-D96B75A40143}.Release|Mixed Platforms.ActiveCfg = Release|Any CPU
		{44D373B9-1C2E-45C9-A798-D96B75A40143}.Release|Mixed Platforms.Build.0 = Release|Any CPU
		{44D373B9-1C2E-45C9-A798-D96B75A40143}.Release|x64.ActiveCfg = Release|x64
		{44D373B9-1C2E-45C9-A798-D96B75A40143}.Release|x64.Build.0 = Release|x64
		{44D373B9-1C2E-45C9-A798-D96B75A40143}.Release|x86.ActiveCfg = Release|x86
		{44D373B9-1C2E-45C9-A798-D96B75A40143}.Release|x86.Build.0 = Release|x86
		{8FAD5C06-ABF2-48B7-9BCC-BC0C4A32F447}.Debug|Any CPU.ActiveCfg = Debug|Any CPU
		{8FAD5C06-ABF2-48B7-9BCC-BC0C4A32F447}.Debug|Any CPU.Build.0 = Debug|Any CPU
		{8FAD5C06-ABF2-48B7-9BCC-BC0C4A32F447}.Debug|Mixed Platforms.ActiveCfg = Debug|Any CPU
		{8FAD5C06-ABF2-48B7-9BCC-BC0C4A32F447}.Debug|Mixed Platforms.Build.0 = Debug|Any CPU
		{8FAD5C06-ABF2-48B7-9BCC-BC0C4A32F447}.Debug|x64.ActiveCfg = Debug|x64
		{8FAD5C06-ABF2-48B7-9BCC-BC0C4A32F447}.Debug|x64.Build.0 = Debug|x64
		{8FAD5C06-ABF2-48B7-9BCC-BC0C4A32F447}.Debug|x86.ActiveCfg = Debug|x86
		{8FAD5C06-ABF2-48B7-9BCC-BC0C4A32F447}.Debug|x86.Build.0 = Debug|x86
		{8FAD5C06-ABF2-48B7-9BCC-BC0C4A32F447}.Release|Any CPU.ActiveCfg = Release|Any CPU
		{8FAD5C06-ABF2-48B7-9BCC-BC0C4A32F447}.Release|Any CPU.Build.0 = Release|Any CPU
		{8FAD5C06-ABF2-48B7-9BCC-BC0C4A32F447}.Release|Mixed Platforms.ActiveCfg = Release|Any CPU
		{8FAD5C06-ABF2-48B7-9BCC-BC0C4A32F447}.Release|Mixed Platforms.Build.0 = Release|Any CPU
		{8FAD5C06-ABF2-48B7-9BCC-BC0C4A32F447}.Release|x64.ActiveCfg = Release|x64
		{8FAD5C06-ABF2-48B7-9BCC-BC0C4A32F447}.Release|x64.Build.0 = Release|x64
		{8FAD5C06-ABF2-48B7-9BCC-BC0C4A32F447}.Release|x86.ActiveCfg = Release|x86
		{8FAD5C06-ABF2-48B7-9BCC-BC0C4A32F447}.Release|x86.Build.0 = Release|x86
		{01B9894D-B4E1-4CF4-B499-7D6411DE2061}.Debug|Any CPU.ActiveCfg = Debug|Any CPU
		{01B9894D-B4E1-4CF4-B499-7D6411DE2061}.Debug|Any CPU.Build.0 = Debug|Any CPU
		{01B9894D-B4E1-4CF4-B499-7D6411DE2061}.Debug|Mixed Platforms.ActiveCfg = Debug|Any CPU
		{01B9894D-B4E1-4CF4-B499-7D6411DE2061}.Debug|Mixed Platforms.Build.0 = Debug|Any CPU
		{01B9894D-B4E1-4CF4-B499-7D6411DE2061}.Debug|x64.ActiveCfg = Debug|x64
		{01B9894D-B4E1-4CF4-B499-7D6411DE2061}.Debug|x64.Build.0 = Debug|x64
		{01B9894D-B4E1-4CF4-B499-7D6411DE2061}.Debug|x86.ActiveCfg = Debug|x86
		{01B9894D-B4E1-4CF4-B499-7D6411DE2061}.Debug|x86.Build.0 = Debug|x86
		{01B9894D-B4E1-4CF4-B499-7D6411DE2061}.Release|Any CPU.ActiveCfg = Release|Any CPU
		{01B9894D-B4E1-4CF4-B499-7D6411DE2061}.Release|Any CPU.Build.0 = Release|Any CPU
		{01B9894D-B4E1-4CF4-B499-7D6411DE2061}.Release|Mixed Platforms.ActiveCfg = Release|Any CPU
		{01B9894D-B4E1-4CF4-B499-7D6411DE2061}.Release|Mixed Platforms.Build.0 = Release|Any CPU
		{01B9894D-B4E1-4CF4-B499-7D6411DE2061}.Release|x64.ActiveCfg = Release|x64
		{01B9894D-B4E1-4CF4-B499-7D6411DE2061}.Release|x64.Build.0 = Release|x64
		{01B9894D-B4E1-4CF4-B499-7D6411DE2061}.Release|x86.ActiveCfg = Release|x86
		{01B9894D-B4E1-4CF4-B499-7D6411DE2061}.Release|x86.Build.0 = Release|x86
		{0FF1A563-6CC0-4291-BE16-7E0B7BC5971F}.Debug|Any CPU.ActiveCfg = Debug|Any CPU
		{0FF1A563-6CC0-4291-BE16-7E0B7BC5971F}.Debug|Any CPU.Build.0 = Debug|Any CPU
		{0FF1A563-6CC0-4291-BE16-7E0B7BC5971F}.Debug|Mixed Platforms.ActiveCfg = Debug|Any CPU
		{0FF1A563-6CC0-4291-BE16-7E0B7BC5971F}.Debug|Mixed Platforms.Build.0 = Debug|Any CPU
		{0FF1A563-6CC0-4291-BE16-7E0B7BC5971F}.Debug|x64.ActiveCfg = Debug|Any CPU
		{0FF1A563-6CC0-4291-BE16-7E0B7BC5971F}.Debug|x64.Build.0 = Debug|Any CPU
		{0FF1A563-6CC0-4291-BE16-7E0B7BC5971F}.Debug|x86.ActiveCfg = Debug|x86
		{0FF1A563-6CC0-4291-BE16-7E0B7BC5971F}.Debug|x86.Build.0 = Debug|x86
		{0FF1A563-6CC0-4291-BE16-7E0B7BC5971F}.Release|Any CPU.ActiveCfg = Release|Any CPU
		{0FF1A563-6CC0-4291-BE16-7E0B7BC5971F}.Release|Any CPU.Build.0 = Release|Any CPU
		{0FF1A563-6CC0-4291-BE16-7E0B7BC5971F}.Release|Mixed Platforms.ActiveCfg = Release|Any CPU
		{0FF1A563-6CC0-4291-BE16-7E0B7BC5971F}.Release|Mixed Platforms.Build.0 = Release|Any CPU
		{0FF1A563-6CC0-4291-BE16-7E0B7BC5971F}.Release|x64.ActiveCfg = Release|Any CPU
		{0FF1A563-6CC0-4291-BE16-7E0B7BC5971F}.Release|x64.Build.0 = Release|Any CPU
		{0FF1A563-6CC0-4291-BE16-7E0B7BC5971F}.Release|x86.ActiveCfg = Release|x86
		{0FF1A563-6CC0-4291-BE16-7E0B7BC5971F}.Release|x86.Build.0 = Release|x86
		{E143B584-BD20-49AB-8ECC-10D3BE2E3470}.Debug|Any CPU.ActiveCfg = Debug|Any CPU
		{E143B584-BD20-49AB-8ECC-10D3BE2E3470}.Debug|Any CPU.Build.0 = Debug|Any CPU
		{E143B584-BD20-49AB-8ECC-10D3BE2E3470}.Debug|Mixed Platforms.ActiveCfg = Debug|Any CPU
		{E143B584-BD20-49AB-8ECC-10D3BE2E3470}.Debug|Mixed Platforms.Build.0 = Debug|Any CPU
		{E143B584-BD20-49AB-8ECC-10D3BE2E3470}.Debug|x64.ActiveCfg = Debug|Any CPU
		{E143B584-BD20-49AB-8ECC-10D3BE2E3470}.Debug|x64.Build.0 = Debug|Any CPU
		{E143B584-BD20-49AB-8ECC-10D3BE2E3470}.Debug|x86.ActiveCfg = Debug|x86
		{E143B584-BD20-49AB-8ECC-10D3BE2E3470}.Debug|x86.Build.0 = Debug|x86
		{E143B584-BD20-49AB-8ECC-10D3BE2E3470}.Release|Any CPU.ActiveCfg = Release|Any CPU
		{E143B584-BD20-49AB-8ECC-10D3BE2E3470}.Release|Any CPU.Build.0 = Release|Any CPU
		{E143B584-BD20-49AB-8ECC-10D3BE2E3470}.Release|Mixed Platforms.ActiveCfg = Release|Any CPU
		{E143B584-BD20-49AB-8ECC-10D3BE2E3470}.Release|Mixed Platforms.Build.0 = Release|Any CPU
		{E143B584-BD20-49AB-8ECC-10D3BE2E3470}.Release|x64.ActiveCfg = Release|Any CPU
		{E143B584-BD20-49AB-8ECC-10D3BE2E3470}.Release|x64.Build.0 = Release|Any CPU
		{E143B584-BD20-49AB-8ECC-10D3BE2E3470}.Release|x86.ActiveCfg = Release|x86
		{E143B584-BD20-49AB-8ECC-10D3BE2E3470}.Release|x86.Build.0 = Release|x86
		{879E18DB-8F10-493D-A98E-5E9F82D125EB}.Debug|Any CPU.ActiveCfg = Debug|Any CPU
		{879E18DB-8F10-493D-A98E-5E9F82D125EB}.Debug|Any CPU.Build.0 = Debug|Any CPU
		{879E18DB-8F10-493D-A98E-5E9F82D125EB}.Debug|Mixed Platforms.ActiveCfg = Debug|Any CPU
		{879E18DB-8F10-493D-A98E-5E9F82D125EB}.Debug|Mixed Platforms.Build.0 = Debug|Any CPU
		{879E18DB-8F10-493D-A98E-5E9F82D125EB}.Debug|x64.ActiveCfg = Debug|Any CPU
		{879E18DB-8F10-493D-A98E-5E9F82D125EB}.Debug|x64.Build.0 = Debug|Any CPU
		{879E18DB-8F10-493D-A98E-5E9F82D125EB}.Debug|x86.ActiveCfg = Debug|x86
		{879E18DB-8F10-493D-A98E-5E9F82D125EB}.Debug|x86.Build.0 = Debug|x86
		{879E18DB-8F10-493D-A98E-5E9F82D125EB}.Release|Any CPU.ActiveCfg = Release|Any CPU
		{879E18DB-8F10-493D-A98E-5E9F82D125EB}.Release|Any CPU.Build.0 = Release|Any CPU
		{879E18DB-8F10-493D-A98E-5E9F82D125EB}.Release|Mixed Platforms.ActiveCfg = Release|Any CPU
		{879E18DB-8F10-493D-A98E-5E9F82D125EB}.Release|Mixed Platforms.Build.0 = Release|Any CPU
		{879E18DB-8F10-493D-A98E-5E9F82D125EB}.Release|x64.ActiveCfg = Release|Any CPU
		{879E18DB-8F10-493D-A98E-5E9F82D125EB}.Release|x64.Build.0 = Release|Any CPU
		{879E18DB-8F10-493D-A98E-5E9F82D125EB}.Release|x86.ActiveCfg = Release|x86
		{879E18DB-8F10-493D-A98E-5E9F82D125EB}.Release|x86.Build.0 = Release|x86
		{D3BD88AD-A700-4D78-AFE7-D7B3D4A986CE}.Debug|Any CPU.ActiveCfg = Debug|Any CPU
		{D3BD88AD-A700-4D78-AFE7-D7B3D4A986CE}.Debug|Any CPU.Build.0 = Debug|Any CPU
		{D3BD88AD-A700-4D78-AFE7-D7B3D4A986CE}.Debug|Mixed Platforms.ActiveCfg = Debug|Any CPU
		{D3BD88AD-A700-4D78-AFE7-D7B3D4A986CE}.Debug|Mixed Platforms.Build.0 = Debug|Any CPU
		{D3BD88AD-A700-4D78-AFE7-D7B3D4A986CE}.Debug|x64.ActiveCfg = Debug|Any CPU
		{D3BD88AD-A700-4D78-AFE7-D7B3D4A986CE}.Debug|x64.Build.0 = Debug|Any CPU
		{D3BD88AD-A700-4D78-AFE7-D7B3D4A986CE}.Debug|x86.ActiveCfg = Debug|x86
		{D3BD88AD-A700-4D78-AFE7-D7B3D4A986CE}.Debug|x86.Build.0 = Debug|x86
		{D3BD88AD-A700-4D78-AFE7-D7B3D4A986CE}.Release|Any CPU.ActiveCfg = Release|Any CPU
		{D3BD88AD-A700-4D78-AFE7-D7B3D4A986CE}.Release|Any CPU.Build.0 = Release|Any CPU
		{D3BD88AD-A700-4D78-AFE7-D7B3D4A986CE}.Release|Mixed Platforms.ActiveCfg = Release|Any CPU
		{D3BD88AD-A700-4D78-AFE7-D7B3D4A986CE}.Release|Mixed Platforms.Build.0 = Release|Any CPU
		{D3BD88AD-A700-4D78-AFE7-D7B3D4A986CE}.Release|x64.ActiveCfg = Release|Any CPU
		{D3BD88AD-A700-4D78-AFE7-D7B3D4A986CE}.Release|x64.Build.0 = Release|Any CPU
		{D3BD88AD-A700-4D78-AFE7-D7B3D4A986CE}.Release|x86.ActiveCfg = Release|x86
		{D3BD88AD-A700-4D78-AFE7-D7B3D4A986CE}.Release|x86.Build.0 = Release|x86
		{24C9C95F-13C5-4358-8486-3F97548C9AAE}.Debug|Any CPU.ActiveCfg = Debug|Any CPU
		{24C9C95F-13C5-4358-8486-3F97548C9AAE}.Debug|Any CPU.Build.0 = Debug|Any CPU
		{24C9C95F-13C5-4358-8486-3F97548C9AAE}.Debug|Mixed Platforms.ActiveCfg = Debug|Any CPU
		{24C9C95F-13C5-4358-8486-3F97548C9AAE}.Debug|Mixed Platforms.Build.0 = Debug|Any CPU
		{24C9C95F-13C5-4358-8486-3F97548C9AAE}.Debug|x64.ActiveCfg = Debug|Any CPU
		{24C9C95F-13C5-4358-8486-3F97548C9AAE}.Debug|x64.Build.0 = Debug|Any CPU
		{24C9C95F-13C5-4358-8486-3F97548C9AAE}.Debug|x86.ActiveCfg = Debug|Any CPU
		{24C9C95F-13C5-4358-8486-3F97548C9AAE}.Debug|x86.Build.0 = Debug|Any CPU
		{24C9C95F-13C5-4358-8486-3F97548C9AAE}.Release|Any CPU.ActiveCfg = Release|Any CPU
		{24C9C95F-13C5-4358-8486-3F97548C9AAE}.Release|Any CPU.Build.0 = Release|Any CPU
		{24C9C95F-13C5-4358-8486-3F97548C9AAE}.Release|Mixed Platforms.ActiveCfg = Release|Any CPU
		{24C9C95F-13C5-4358-8486-3F97548C9AAE}.Release|Mixed Platforms.Build.0 = Release|Any CPU
		{24C9C95F-13C5-4358-8486-3F97548C9AAE}.Release|x64.ActiveCfg = Release|Any CPU
		{24C9C95F-13C5-4358-8486-3F97548C9AAE}.Release|x64.Build.0 = Release|Any CPU
		{24C9C95F-13C5-4358-8486-3F97548C9AAE}.Release|x86.ActiveCfg = Release|x86
		{24C9C95F-13C5-4358-8486-3F97548C9AAE}.Release|x86.Build.0 = Release|x86
	EndGlobalSection
	GlobalSection(SolutionProperties) = preSolution
		HideSolutionNode = FALSE
	EndGlobalSection
	GlobalSection(NestedProjects) = preSolution
		{87E110CB-91B6-45D5-A2B8-7BC300D5839D} = {9D76D57A-C7C4-4236-A6AF-6547166195E1}
		{5270A0E7-BE92-4CA4-B4AA-D7DA819D75B2} = {9D76D57A-C7C4-4236-A6AF-6547166195E1}
		{95449E47-49B0-4362-BA26-A6CB4FB836F6} = {299E77BB-741B-4E57-BE72-18DBB124030B}
		{E11025FA-63F2-4C20-8A98-B9B4609CA58E} = {9D76D57A-C7C4-4236-A6AF-6547166195E1}
		{3B8A6EFA-EFCA-471E-B6D9-DC97863101EC} = {299E77BB-741B-4E57-BE72-18DBB124030B}
		{A792E12A-D6E9-41DD-ACC2-019EBCFA3411} = {299E77BB-741B-4E57-BE72-18DBB124030B}
		{4D3648E5-AC98-432B-A5A1-4515DD03E2D1} = {299E77BB-741B-4E57-BE72-18DBB124030B}
		{3AEA5551-DEE5-49DC-A9C5-6DBC040C2BF1} = {299E77BB-741B-4E57-BE72-18DBB124030B}
		{F3495BC1-F624-48DF-BE4D-02E868C5EBB3} = {299E77BB-741B-4E57-BE72-18DBB124030B}
		{44D373B9-1C2E-45C9-A798-D96B75A40143} = {299E77BB-741B-4E57-BE72-18DBB124030B}
		{8FAD5C06-ABF2-48B7-9BCC-BC0C4A32F447} = {9D76D57A-C7C4-4236-A6AF-6547166195E1}
		{01B9894D-B4E1-4CF4-B499-7D6411DE2061} = {9D76D57A-C7C4-4236-A6AF-6547166195E1}
		{0FF1A563-6CC0-4291-BE16-7E0B7BC5971F} = {299E77BB-741B-4E57-BE72-18DBB124030B}
		{E143B584-BD20-49AB-8ECC-10D3BE2E3470} = {9D76D57A-C7C4-4236-A6AF-6547166195E1}
		{879E18DB-8F10-493D-A98E-5E9F82D125EB} = {9D76D57A-C7C4-4236-A6AF-6547166195E1}
		{D3BD88AD-A700-4D78-AFE7-D7B3D4A986CE} = {9D76D57A-C7C4-4236-A6AF-6547166195E1}
		{24C9C95F-13C5-4358-8486-3F97548C9AAE} = {9D76D57A-C7C4-4236-A6AF-6547166195E1}
	EndGlobalSection
	GlobalSection(ExtensibilityGlobals) = postSolution
		SolutionGuid = {549ED1DA-A308-4464-982B-4ABAF0753C61}
	EndGlobalSection
EndGlobal
